
Microsoft Visual Studio Solution File, Format Version 12.00
# Visual Studio Version 16
VisualStudioVersion = 16.0.30330.147
MinimumVisualStudioVersion = 10.0.40219.1
Project("{FAE04EC0-301F-11D3-BF4B-00C04F79EFBC}") = "Testing", "Testing\Testing.csproj", "{DF49C2BF-9E28-44CF-869C-2A71399D9D38}"
EndProject
Global
	GlobalSection(SolutionConfigurationPlatforms) = preSolution
		Debug|Any CPU = Debug|Any CPU
		Release|Any CPU = Release|Any CPU
	EndGlobalSection
	GlobalSection(ProjectConfigurationPlatforms) = postSolution
		{DF49C2BF-9E28-44CF-869C-2A71399D9D38}.Debug|Any CPU.ActiveCfg = Debug|Any CPU
		{DF49C2BF-9E28-44CF-869C-2A71399D9D38}.Debug|Any CPU.Build.0 = Debug|Any CPU
		{DF49C2BF-9E28-44CF-869C-2A71399D9D38}.Release|Any CPU.ActiveCfg = Release|Any CPU
		{DF49C2BF-9E28-44CF-869C-2A71399D9D38}.Release|Any CPU.Build.0 = Release|Any CPU
	EndGlobalSection
	GlobalSection(SolutionProperties) = preSolution
		HideSolutionNode = FALSE
	EndGlobalSection
	GlobalSection(ExtensibilityGlobals) = postSolution
		SolutionGuid = {ACF8C286-57C0-4F7B-AD06-CFC83A706509}
	EndGlobalSection
EndGlobal
